
Microsoft Visual Studio Solution File, Format Version 12.00
# Visual Studio 14
VisualStudioVersion = 14.0.25420.1
MinimumVisualStudioVersion = 10.0.40219.1
Project("{FAE04EC0-301F-11D3-BF4B-00C04F79EFBC}") = "LoginApi", "LoginApi.csproj", "{1B8A4DA0-0CB8-44C8-BA22-6F647B8344EC}"
EndProject
Global
	GlobalSection(SolutionConfigurationPlatforms) = preSolution
		Debug|Any CPU = Debug|Any CPU
		Release|Any CPU = Release|Any CPU
	EndGlobalSection
	GlobalSection(ProjectConfigurationPlatforms) = postSolution
		{1B8A4DA0-0CB8-44C8-BA22-6F647B8344EC}.Debug|Any CPU.ActiveCfg = Debug|Any CPU
		{1B8A4DA0-0CB8-44C8-BA22-6F647B8344EC}.Debug|Any CPU.Build.0 = Debug|Any CPU
		{1B8A4DA0-0CB8-44C8-BA22-6F647B8344EC}.Release|Any CPU.ActiveCfg = Release|Any CPU
		{1B8A4DA0-0CB8-44C8-BA22-6F647B8344EC}.Release|Any CPU.Build.0 = Release|Any CPU
	EndGlobalSection
	GlobalSection(SolutionProperties) = preSolution
		HideSolutionNode = FALSE
	EndGlobalSection
	GlobalSection(TeamFoundationVersionControl) = preSolution
		SccNumberOfProjects = 1
		SccEnterpriseProvider = {4CA58AB2-18FA-4F8D-95D4-32DDF27D184C}
		SccTeamFoundationServer = http://cstfs.cegep-heritage.qc.ca:8080/tfs/csadmin
		SccProjectUniqueName0 = LoginApi.csproj
		SccProjectName0 = .
		SccAuxPath0 = http://cstfs.cegep-heritage.qc.ca:8080/tfs/csadmin
		SccLocalPath0 = .
		SccProvider0 = {4CA58AB2-18FA-4F8D-95D4-32DDF27D184C}
	EndGlobalSection
EndGlobal
